{
    "_meta": {
        "hash": {
            "sha256": "5682d9fbeb3db4231a484e68a375aed5b87bef985b8cfd324d11268cdc570207"
        },
        "pipfile-spec": 6,
        "requires": {
            "python_version": "3.7"
        },
        "sources": [
            {
                "name": "pypi",
                "url": "https://pypi.org/simple",
                "verify_ssl": true
            }
        ]
    },
    "default": {
        "cocos2d": {
            "hashes": [
                "sha256:226a713d02967aaf717fe2b92a58eac41ee5c090744ae3958b05bcb698e7b8de"
            ],
            "index": "pypi",
            "version": "==0.6.7"
        },
        "future": {
            "hashes": [
                "sha256:67045236dcfd6816dc439556d009594abf643e5eb48992e36beac09c2ca659b8"
            ],
            "version": "==0.17.1"
        },
        "pyglet": {
            "hashes": [
                "sha256:21842662b1e715d25afba08652888f1da890cad34d45dfb3f160305d37ff72ce",
                "sha256:ec8f2cb76d6a60ce6a2c48618c154925b346d19703ce7f2814996b35df331b64"
            ],
            "version": "==1.4.3"
        },
        "six": {
            "hashes": [
                "sha256:3350809f0555b11f552448330d0b52d5f24c91a322ea4a15ef22629740f3761c",
                "sha256:d16a0141ec1a18405cd4ce8b4613101da75da0e9a7aec5bdd4fa804d0e0eba73"
            ],
            "version": "==1.12.0"
        }
    },
    "develop": {}
}
